<Solution>
  <Project Path="CleanCity.Application/CleanCity.Application.csproj" Id="39c78169-e95b-41d5-9f35-18bb33d9f496" />
  <Project Path="CleanCity.Infraestructure/CleanCity.Infrastructure.csproj" Id="ee84a257-bfff-435a-b486-7c739fd4b7c0" />
  <Project Path="CleanCity/CleanCity.Domain.csproj" Id="43bfc34f-cb4b-4e29-859d-af1cec97085c" />
  <Project Path="CleanCityAPI/CleanCityAPI.csproj" />
</Solution>
